
Microsoft Visual Studio Solution File, Format Version 12.00
# Visual Studio 14
VisualStudioVersion = 14.0.25420.1
MinimumVisualStudioVersion = 10.0.40219.1
Project("{FAE04EC0-301F-11D3-BF4B-00C04F79EFBC}") = "DAL", "DAL\DAL.csproj", "{83D9E1CC-F084-4279-B494-2FAB86F46DD2}"
EndProject
Project("{FAE04EC0-301F-11D3-BF4B-00C04F79EFBC}") = "BLL", "BLL\BLL.csproj", "{04E96685-20B9-4927-AAF0-62CED78B132A}"
EndProject
Project("{FAE04EC0-301F-11D3-BF4B-00C04F79EFBC}") = "Web", "Web\Web.csproj", "{EC3AB96E-0323-4AB5-8E06-5A9AF7092B1B}"
EndProject
Project("{FAE04EC0-301F-11D3-BF4B-00C04F79EFBC}") = "Models", "Models\Models.csproj", "{9A5F2E81-91A1-4F6F-8A76-0C764581095F}"
EndProject
Project("{FAE04EC0-301F-11D3-BF4B-00C04F79EFBC}") = "IDAL", "IDAL\IDAL.csproj", "{764D6A4F-9084-4AF1-8548-B585E117C82F}"
EndProject
Project("{FAE04EC0-301F-11D3-BF4B-00C04F79EFBC}") = "DALFactory", "DALFactory\DALFactory.csproj", "{377B7118-0DB8-4262-985E-52BC979D8F01}"
EndProject
Global
	GlobalSection(SolutionConfigurationPlatforms) = preSolution
		Debug|Any CPU = Debug|Any CPU
		Release|Any CPU = Release|Any CPU
	EndGlobalSection
	GlobalSection(ProjectConfigurationPlatforms) = postSolution
		{83D9E1CC-F084-4279-B494-2FAB86F46DD2}.Debug|Any CPU.ActiveCfg = Debug|Any CPU
		{83D9E1CC-F084-4279-B494-2FAB86F46DD2}.Debug|Any CPU.Build.0 = Debug|Any CPU
		{83D9E1CC-F084-4279-B494-2FAB86F46DD2}.Release|Any CPU.ActiveCfg = Release|Any CPU
		{83D9E1CC-F084-4279-B494-2FAB86F46DD2}.Release|Any CPU.Build.0 = Release|Any CPU
		{04E96685-20B9-4927-AAF0-62CED78B132A}.Debug|Any CPU.ActiveCfg = Debug|Any CPU
		{04E96685-20B9-4927-AAF0-62CED78B132A}.Debug|Any CPU.Build.0 = Debug|Any CPU
		{04E96685-20B9-4927-AAF0-62CED78B132A}.Release|Any CPU.ActiveCfg = Release|Any CPU
		{04E96685-20B9-4927-AAF0-62CED78B132A}.Release|Any CPU.Build.0 = Release|Any CPU
		{EC3AB96E-0323-4AB5-8E06-5A9AF7092B1B}.Debug|Any CPU.ActiveCfg = Debug|Any CPU
		{EC3AB96E-0323-4AB5-8E06-5A9AF7092B1B}.Debug|Any CPU.Build.0 = Debug|Any CPU
		{EC3AB96E-0323-4AB5-8E06-5A9AF7092B1B}.Release|Any CPU.ActiveCfg = Release|Any CPU
		{EC3AB96E-0323-4AB5-8E06-5A9AF7092B1B}.Release|Any CPU.Build.0 = Release|Any CPU
		{9A5F2E81-91A1-4F6F-8A76-0C764581095F}.Debug|Any CPU.ActiveCfg = Debug|Any CPU
		{9A5F2E81-91A1-4F6F-8A76-0C764581095F}.Debug|Any CPU.Build.0 = Debug|Any CPU
		{9A5F2E81-91A1-4F6F-8A76-0C764581095F}.Release|Any CPU.ActiveCfg = Release|Any CPU
		{9A5F2E81-91A1-4F6F-8A76-0C764581095F}.Release|Any CPU.Build.0 = Release|Any CPU
		{764D6A4F-9084-4AF1-8548-B585E117C82F}.Debug|Any CPU.ActiveCfg = Debug|Any CPU
		{764D6A4F-9084-4AF1-8548-B585E117C82F}.Debug|Any CPU.Build.0 = Debug|Any CPU
		{764D6A4F-9084-4AF1-8548-B585E117C82F}.Release|Any CPU.ActiveCfg = Release|Any CPU
		{764D6A4F-9084-4AF1-8548-B585E117C82F}.Release|Any CPU.Build.0 = Release|Any CPU
		{377B7118-0DB8-4262-985E-52BC979D8F01}.Debug|Any CPU.ActiveCfg = Debug|Any CPU
		{377B7118-0DB8-4262-985E-52BC979D8F01}.Debug|Any CPU.Build.0 = Debug|Any CPU
		{377B7118-0DB8-4262-985E-52BC979D8F01}.Release|Any CPU.ActiveCfg = Release|Any CPU
		{377B7118-0DB8-4262-985E-52BC979D8F01}.Release|Any CPU.Build.0 = Release|Any CPU
	EndGlobalSection
	GlobalSection(SolutionProperties) = preSolution
		HideSolutionNode = FALSE
	EndGlobalSection
EndGlobal
